// !$*UTF8*$!
{
	archiveVersion = 1;
	classes = {
	};
	objectVersion = 46;
	objects = {

/* Begin PBXBuildFile section */
		5BADE33C6D194B9E964F9022 /* Pods_Ring_Bear.framework in Frameworks */ = {isa = PBXBuildFile; fileRef = 8C938A2FD7DA1D6E1889B04B /* Pods_Ring_Bear.framework */; };
		734E978F1F86B55B0017C630 /* AddEditGuestViewController.swift in Sources */ = {isa = PBXBuildFile; fileRef = 734E978E1F86B55B0017C630 /* AddEditGuestViewController.swift */; };
		734E97911F86BBF70017C630 /* Guest.swift in Sources */ = {isa = PBXBuildFile; fileRef = 734E97901F86BBF70017C630 /* Guest.swift */; };
		734E97931F86BDF90017C630 /* AddEditGuest.storyboard in Resources */ = {isa = PBXBuildFile; fileRef = 734E97921F86BDF90017C630 /* AddEditGuest.storyboard */; };
		734E97951F87C9290017C630 /* SettingsViewController.swift in Sources */ = {isa = PBXBuildFile; fileRef = 734E97941F87C9290017C630 /* SettingsViewController.swift */; };
		734E97971F87D43D0017C630 /* Header.xib in Resources */ = {isa = PBXBuildFile; fileRef = 734E97961F87D43D0017C630 /* Header.xib */; };
		734E97991F87D4900017C630 /* Header.swift in Sources */ = {isa = PBXBuildFile; fileRef = 734E97981F87D4900017C630 /* Header.swift */; };
		7362995B1F643AB200B95AE9 /* AppDelegate.swift in Sources */ = {isa = PBXBuildFile; fileRef = 7362995A1F643AB200B95AE9 /* AppDelegate.swift */; };
		7362995D1F643AB200B95AE9 /* HomeViewController.swift in Sources */ = {isa = PBXBuildFile; fileRef = 7362995C1F643AB200B95AE9 /* HomeViewController.swift */; };
		7362995F1F643AB200B95AE9 /* GuestListViewController.swift in Sources */ = {isa = PBXBuildFile; fileRef = 7362995E1F643AB200B95AE9 /* GuestListViewController.swift */; };
		736299621F643AB200B95AE9 /* Main.storyboard in Resources */ = {isa = PBXBuildFile; fileRef = 736299601F643AB200B95AE9 /* Main.storyboard */; };
		736299641F643AB200B95AE9 /* Assets.xcassets in Resources */ = {isa = PBXBuildFile; fileRef = 736299631F643AB200B95AE9 /* Assets.xcassets */; };
		736299671F643AB200B95AE9 /* LaunchScreen.storyboard in Resources */ = {isa = PBXBuildFile; fileRef = 736299651F643AB200B95AE9 /* LaunchScreen.storyboard */; };
		736299721F643AB200B95AE9 /* Ring_BearTests.swift in Sources */ = {isa = PBXBuildFile; fileRef = 736299711F643AB200B95AE9 /* Ring_BearTests.swift */; };
		7362997D1F643AB200B95AE9 /* Ring_BearUITests.swift in Sources */ = {isa = PBXBuildFile; fileRef = 7362997C1F643AB200B95AE9 /* Ring_BearUITests.swift */; };
		AFC08D3AFB3D971817BD9B78 /* Pods_Ring_BearUITests.framework in Frameworks */ = {isa = PBXBuildFile; fileRef = 14309C96E13BAC59ECE31ED7 /* Pods_Ring_BearUITests.framework */; };
		F76E32B6D53D103072A567F0 /* Pods_Ring_BearTests.framework in Frameworks */ = {isa = PBXBuildFile; fileRef = 5F7794FD61A33BD6DF26E2A1 /* Pods_Ring_BearTests.framework */; };
/* End PBXBuildFile section */

/* Begin PBXContainerItemProxy section */
		7362996E1F643AB200B95AE9 /* PBXContainerItemProxy */ = {
			isa = PBXContainerItemProxy;
			containerPortal = 7362994F1F643AB100B95AE9 /* Project object */;
			proxyType = 1;
			remoteGlobalIDString = 736299561F643AB100B95AE9;
			remoteInfo = "Ring Bear";
		};
		736299791F643AB200B95AE9 /* PBXContainerItemProxy */ = {
			isa = PBXContainerItemProxy;
			containerPortal = 7362994F1F643AB100B95AE9 /* Project object */;
			proxyType = 1;
			remoteGlobalIDString = 736299561F643AB100B95AE9;
			remoteInfo = "Ring Bear";
		};
/* End PBXContainerItemProxy section */

/* Begin PBXFileReference section */
		14309C96E13BAC59ECE31ED7 /* Pods_Ring_BearUITests.framework */ = {isa = PBXFileReference; explicitFileType = wrapper.framework; includeInIndex = 0; path = Pods_Ring_BearUITests.framework; sourceTree = BUILT_PRODUCTS_DIR; };
		32141126C1D1FE896579F167 /* Pods-Ring BearUITests.debug.xcconfig */ = {isa = PBXFileReference; includeInIndex = 1; lastKnownFileType = text.xcconfig; name = "Pods-Ring BearUITests.debug.xcconfig"; path = "Pods/Target Support Files/Pods-Ring BearUITests/Pods-Ring BearUITests.debug.xcconfig"; sourceTree = "<group>"; };
		5692EB5E4A5F5FB7BD261E4D /* Pods-Ring Bear.debug.xcconfig */ = {isa = PBXFileReference; includeInIndex = 1; lastKnownFileType = text.xcconfig; name = "Pods-Ring Bear.debug.xcconfig"; path = "Pods/Target Support Files/Pods-Ring Bear/Pods-Ring Bear.debug.xcconfig"; sourceTree = "<group>"; };
		5F7794FD61A33BD6DF26E2A1 /* Pods_Ring_BearTests.framework */ = {isa = PBXFileReference; explicitFileType = wrapper.framework; includeInIndex = 0; path = Pods_Ring_BearTests.framework; sourceTree = BUILT_PRODUCTS_DIR; };
		734E978E1F86B55B0017C630 /* AddEditGuestViewController.swift */ = {isa = PBXFileReference; fileEncoding = 4; lastKnownFileType = sourcecode.swift; path = AddEditGuestViewController.swift; sourceTree = "<group>"; };
		734E97901F86BBF70017C630 /* Guest.swift */ = {isa = PBXFileReference; fileEncoding = 4; lastKnownFileType = sourcecode.swift; path = Guest.swift; sourceTree = "<group>"; };
		734E97921F86BDF90017C630 /* AddEditGuest.storyboard */ = {isa = PBXFileReference; fileEncoding = 4; lastKnownFileType = file.storyboard; path = AddEditGuest.storyboard; sourceTree = "<group>"; };
		734E97941F87C9290017C630 /* SettingsViewController.swift */ = {isa = PBXFileReference; fileEncoding = 4; lastKnownFileType = sourcecode.swift; path = SettingsViewController.swift; sourceTree = "<group>"; };
		734E97961F87D43D0017C630 /* Header.xib */ = {isa = PBXFileReference; fileEncoding = 4; lastKnownFileType = file.xib; path = Header.xib; sourceTree = "<group>"; };
		734E97981F87D4900017C630 /* Header.swift */ = {isa = PBXFileReference; fileEncoding = 4; lastKnownFileType = sourcecode.swift; path = Header.swift; sourceTree = "<group>"; };
		736299571F643AB200B95AE9 /* Ring Bear.app */ = {isa = PBXFileReference; explicitFileType = wrapper.application; includeInIndex = 0; path = "Ring Bear.app"; sourceTree = BUILT_PRODUCTS_DIR; };
		7362995A1F643AB200B95AE9 /* AppDelegate.swift */ = {isa = PBXFileReference; lastKnownFileType = sourcecode.swift; path = AppDelegate.swift; sourceTree = "<group>"; };
		7362995C1F643AB200B95AE9 /* HomeViewController.swift */ = {isa = PBXFileReference; lastKnownFileType = sourcecode.swift; path = HomeViewController.swift; sourceTree = "<group>"; };
		7362995E1F643AB200B95AE9 /* GuestListViewController.swift */ = {isa = PBXFileReference; lastKnownFileType = sourcecode.swift; path = GuestListViewController.swift; sourceTree = "<group>"; };
		736299611F643AB200B95AE9 /* Base */ = {isa = PBXFileReference; lastKnownFileType = file.storyboard; name = Base; path = Base.lproj/Main.storyboard; sourceTree = "<group>"; };
		736299631F643AB200B95AE9 /* Assets.xcassets */ = {isa = PBXFileReference; lastKnownFileType = folder.assetcatalog; path = Assets.xcassets; sourceTree = "<group>"; };
		736299661F643AB200B95AE9 /* Base */ = {isa = PBXFileReference; lastKnownFileType = file.storyboard; name = Base; path = Base.lproj/LaunchScreen.storyboard; sourceTree = "<group>"; };
		736299681F643AB200B95AE9 /* Info.plist */ = {isa = PBXFileReference; lastKnownFileType = text.plist.xml; path = Info.plist; sourceTree = "<group>"; };
		7362996D1F643AB200B95AE9 /* Ring BearTests.xctest */ = {isa = PBXFileReference; explicitFileType = wrapper.cfbundle; includeInIndex = 0; path = "Ring BearTests.xctest"; sourceTree = BUILT_PRODUCTS_DIR; };
		736299711F643AB200B95AE9 /* Ring_BearTests.swift */ = {isa = PBXFileReference; lastKnownFileType = sourcecode.swift; path = Ring_BearTests.swift; sourceTree = "<group>"; };
		736299731F643AB200B95AE9 /* Info.plist */ = {isa = PBXFileReference; lastKnownFileType = text.plist.xml; path = Info.plist; sourceTree = "<group>"; };
		736299781F643AB200B95AE9 /* Ring BearUITests.xctest */ = {isa = PBXFileReference; explicitFileType = wrapper.cfbundle; includeInIndex = 0; path = "Ring BearUITests.xctest"; sourceTree = BUILT_PRODUCTS_DIR; };
		7362997C1F643AB200B95AE9 /* Ring_BearUITests.swift */ = {isa = PBXFileReference; lastKnownFileType = sourcecode.swift; path = Ring_BearUITests.swift; sourceTree = "<group>"; };
		7362997E1F643AB200B95AE9 /* Info.plist */ = {isa = PBXFileReference; lastKnownFileType = text.plist.xml; path = Info.plist; sourceTree = "<group>"; };
		8C938A2FD7DA1D6E1889B04B /* Pods_Ring_Bear.framework */ = {isa = PBXFileReference; explicitFileType = wrapper.framework; includeInIndex = 0; path = Pods_Ring_Bear.framework; sourceTree = BUILT_PRODUCTS_DIR; };
		BD7184881F8AD8441FC8CCE3 /* Pods-Ring BearTests.debug.xcconfig */ = {isa = PBXFileReference; includeInIndex = 1; lastKnownFileType = text.xcconfig; name = "Pods-Ring BearTests.debug.xcconfig"; path = "Pods/Target Support Files/Pods-Ring BearTests/Pods-Ring BearTests.debug.xcconfig"; sourceTree = "<group>"; };
		C5E31FEDFB0B7A3FE021105F /* Pods-Ring BearUITests.release.xcconfig */ = {isa = PBXFileReference; includeInIndex = 1; lastKnownFileType = text.xcconfig; name = "Pods-Ring BearUITests.release.xcconfig"; path = "Pods/Target Support Files/Pods-Ring BearUITests/Pods-Ring BearUITests.release.xcconfig"; sourceTree = "<group>"; };
		DF738AE48374CBD638E78ACB /* Pods-Ring BearTests.release.xcconfig */ = {isa = PBXFileReference; includeInIndex = 1; lastKnownFileType = text.xcconfig; name = "Pods-Ring BearTests.release.xcconfig"; path = "Pods/Target Support Files/Pods-Ring BearTests/Pods-Ring BearTests.release.xcconfig"; sourceTree = "<group>"; };
		FFA0F0497FFA238A420AFB00 /* Pods-Ring Bear.release.xcconfig */ = {isa = PBXFileReference; includeInIndex = 1; lastKnownFileType = text.xcconfig; name = "Pods-Ring Bear.release.xcconfig"; path = "Pods/Target Support Files/Pods-Ring Bear/Pods-Ring Bear.release.xcconfig"; sourceTree = "<group>"; };
/* End PBXFileReference section */

/* Begin PBXFrameworksBuildPhase section */
		736299541F643AB100B95AE9 /* Frameworks */ = {
			isa = PBXFrameworksBuildPhase;
			buildActionMask = 2147483647;
			files = (
				5BADE33C6D194B9E964F9022 /* Pods_Ring_Bear.framework in Frameworks */,
			);
			runOnlyForDeploymentPostprocessing = 0;
		};
		7362996A1F643AB200B95AE9 /* Frameworks */ = {
			isa = PBXFrameworksBuildPhase;
			buildActionMask = 2147483647;
			files = (
				F76E32B6D53D103072A567F0 /* Pods_Ring_BearTests.framework in Frameworks */,
			);
			runOnlyForDeploymentPostprocessing = 0;
		};
		736299751F643AB200B95AE9 /* Frameworks */ = {
			isa = PBXFrameworksBuildPhase;
			buildActionMask = 2147483647;
			files = (
				AFC08D3AFB3D971817BD9B78 /* Pods_Ring_BearUITests.framework in Frameworks */,
			);
			runOnlyForDeploymentPostprocessing = 0;
		};
/* End PBXFrameworksBuildPhase section */

/* Begin PBXGroup section */
		7362994E1F643AB100B95AE9 = {
			isa = PBXGroup;
			children = (
				736299591F643AB200B95AE9 /* Ring Bear */,
				736299701F643AB200B95AE9 /* Ring BearTests */,
				7362997B1F643AB200B95AE9 /* Ring BearUITests */,
				736299581F643AB200B95AE9 /* Products */,
				92EA885890D617114102C1BA /* Pods */,
				DDEFD4D88C8920D893F07998 /* Frameworks */,
			);
			sourceTree = "<group>";
		};
		736299581F643AB200B95AE9 /* Products */ = {
			isa = PBXGroup;
			children = (
				736299571F643AB200B95AE9 /* Ring Bear.app */,
				7362996D1F643AB200B95AE9 /* Ring BearTests.xctest */,
				736299781F643AB200B95AE9 /* Ring BearUITests.xctest */,
			);
			name = Products;
			sourceTree = "<group>";
		};
		736299591F643AB200B95AE9 /* Ring Bear */ = {
			isa = PBXGroup;
			children = (
				7362995A1F643AB200B95AE9 /* AppDelegate.swift */,
				7362995C1F643AB200B95AE9 /* HomeViewController.swift */,
				7362995E1F643AB200B95AE9 /* GuestListViewController.swift */,
				734E978E1F86B55B0017C630 /* AddEditGuestViewController.swift */,
				734E97941F87C9290017C630 /* SettingsViewController.swift */,
				734E97901F86BBF70017C630 /* Guest.swift */,
				736299601F643AB200B95AE9 /* Main.storyboard */,
				734E97921F86BDF90017C630 /* AddEditGuest.storyboard */,
				736299651F643AB200B95AE9 /* LaunchScreen.storyboard */,
				736299631F643AB200B95AE9 /* Assets.xcassets */,
				736299681F643AB200B95AE9 /* Info.plist */,
				734E97981F87D4900017C630 /* Header.swift */,
				734E97961F87D43D0017C630 /* Header.xib */,
			);
			path = "Ring Bear";
			sourceTree = "<group>";
		};
		736299701F643AB200B95AE9 /* Ring BearTests */ = {
			isa = PBXGroup;
			children = (
				736299711F643AB200B95AE9 /* Ring_BearTests.swift */,
				736299731F643AB200B95AE9 /* Info.plist */,
			);
			path = "Ring BearTests";
			sourceTree = "<group>";
		};
		7362997B1F643AB200B95AE9 /* Ring BearUITests */ = {
			isa = PBXGroup;
			children = (
				7362997C1F643AB200B95AE9 /* Ring_BearUITests.swift */,
				7362997E1F643AB200B95AE9 /* Info.plist */,
			);
			path = "Ring BearUITests";
			sourceTree = "<group>";
		};
		92EA885890D617114102C1BA /* Pods */ = {
			isa = PBXGroup;
			children = (
				5692EB5E4A5F5FB7BD261E4D /* Pods-Ring Bear.debug.xcconfig */,
				FFA0F0497FFA238A420AFB00 /* Pods-Ring Bear.release.xcconfig */,
				BD7184881F8AD8441FC8CCE3 /* Pods-Ring BearTests.debug.xcconfig */,
				DF738AE48374CBD638E78ACB /* Pods-Ring BearTests.release.xcconfig */,
				32141126C1D1FE896579F167 /* Pods-Ring BearUITests.debug.xcconfig */,
				C5E31FEDFB0B7A3FE021105F /* Pods-Ring BearUITests.release.xcconfig */,
			);
			name = Pods;
			sourceTree = "<group>";
		};
		DDEFD4D88C8920D893F07998 /* Frameworks */ = {
			isa = PBXGroup;
			children = (
				8C938A2FD7DA1D6E1889B04B /* Pods_Ring_Bear.framework */,
				5F7794FD61A33BD6DF26E2A1 /* Pods_Ring_BearTests.framework */,
				14309C96E13BAC59ECE31ED7 /* Pods_Ring_BearUITests.framework */,
			);
			name = Frameworks;
			sourceTree = "<group>";
		};
/* End PBXGroup section */

/* Begin PBXNativeTarget section */
		736299561F643AB100B95AE9 /* Ring Bear */ = {
			isa = PBXNativeTarget;
			buildConfigurationList = 736299811F643AB200B95AE9 /* Build configuration list for PBXNativeTarget "Ring Bear" */;
			buildPhases = (
				C1104F8EC626289E2F7FA02E /* [CP] Check Pods Manifest.lock */,
				736299531F643AB100B95AE9 /* Sources */,
				736299541F643AB100B95AE9 /* Frameworks */,
				736299551F643AB100B95AE9 /* Resources */,
				BC18456B8C245EDCE9BDD121 /* [CP] Embed Pods Frameworks */,
				A62CD024B17C456723B9568E /* [CP] Copy Pods Resources */,
			);
			buildRules = (
			);
			dependencies = (
			);
			name = "Ring Bear";
			productName = "Ring Bear";
			productReference = 736299571F643AB200B95AE9 /* Ring Bear.app */;
			productType = "com.apple.product-type.application";
		};
		7362996C1F643AB200B95AE9 /* Ring BearTests */ = {
			isa = PBXNativeTarget;
			buildConfigurationList = 736299841F643AB200B95AE9 /* Build configuration list for PBXNativeTarget "Ring BearTests" */;
			buildPhases = (
				80273123641D96A86E2B4DE0 /* [CP] Check Pods Manifest.lock */,
				736299691F643AB200B95AE9 /* Sources */,
				7362996A1F643AB200B95AE9 /* Frameworks */,
				7362996B1F643AB200B95AE9 /* Resources */,
				1E4E5C036D374B27C00BC3EA /* [CP] Embed Pods Frameworks */,
				2D800B5D4CD51E8AA1FA86B9 /* [CP] Copy Pods Resources */,
			);
			buildRules = (
			);
			dependencies = (
				7362996F1F643AB200B95AE9 /* PBXTargetDependency */,
			);
			name = "Ring BearTests";
			productName = "Ring BearTests";
			productReference = 7362996D1F643AB200B95AE9 /* Ring BearTests.xctest */;
			productType = "com.apple.product-type.bundle.unit-test";
		};
		736299771F643AB200B95AE9 /* Ring BearUITests */ = {
			isa = PBXNativeTarget;
			buildConfigurationList = 736299871F643AB200B95AE9 /* Build configuration list for PBXNativeTarget "Ring BearUITests" */;
			buildPhases = (
				D42552A85FD9EC9D81342A63 /* [CP] Check Pods Manifest.lock */,
				736299741F643AB200B95AE9 /* Sources */,
				736299751F643AB200B95AE9 /* Frameworks */,
				736299761F643AB200B95AE9 /* Resources */,
				3A97BBCEFDEF2CED87516556 /* [CP] Embed Pods Frameworks */,
				7CBBB4E231BA03414534016D /* [CP] Copy Pods Resources */,
			);
			buildRules = (
			);
			dependencies = (
				7362997A1F643AB200B95AE9 /* PBXTargetDependency */,
			);
			name = "Ring BearUITests";
			productName = "Ring BearUITests";
			productReference = 736299781F643AB200B95AE9 /* Ring BearUITests.xctest */;
			productType = "com.apple.product-type.bundle.ui-testing";
		};
/* End PBXNativeTarget section */

/* Begin PBXProject section */
		7362994F1F643AB100B95AE9 /* Project object */ = {
			isa = PBXProject;
			attributes = {
				LastSwiftUpdateCheck = 0830;
				LastUpgradeCheck = 0830;
				ORGANIZATIONNAME = "Damian Mazurkiewicz";
				TargetAttributes = {
					736299561F643AB100B95AE9 = {
						CreatedOnToolsVersion = 8.3.3;
						ProvisioningStyle = Automatic;
					};
					7362996C1F643AB200B95AE9 = {
						CreatedOnToolsVersion = 8.3.3;
						ProvisioningStyle = Automatic;
						TestTargetID = 736299561F643AB100B95AE9;
					};
					736299771F643AB200B95AE9 = {
						CreatedOnToolsVersion = 8.3.3;
						ProvisioningStyle = Automatic;
						TestTargetID = 736299561F643AB100B95AE9;
					};
				};
			};
			buildConfigurationList = 736299521F643AB100B95AE9 /* Build configuration list for PBXProject "Ring Bear" */;
			compatibilityVersion = "Xcode 3.2";
			developmentRegion = English;
			hasScannedForEncodings = 0;
			knownRegions = (
				en,
				Base,
			);
			mainGroup = 7362994E1F643AB100B95AE9;
			productRefGroup = 736299581F643AB200B95AE9 /* Products */;
			projectDirPath = "";
			projectRoot = "";
			targets = (
				736299561F643AB100B95AE9 /* Ring Bear */,
				7362996C1F643AB200B95AE9 /* Ring BearTests */,
				736299771F643AB200B95AE9 /* Ring BearUITests */,
			);
		};
/* End PBXProject section */

/* Begin PBXResourcesBuildPhase section */
		736299551F643AB100B95AE9 /* Resources */ = {
			isa = PBXResourcesBuildPhase;
			buildActionMask = 2147483647;
			files = (
				736299671F643AB200B95AE9 /* LaunchScreen.storyboard in Resources */,
				734E97971F87D43D0017C630 /* Header.xib in Resources */,
				734E97931F86BDF90017C630 /* AddEditGuest.storyboard in Resources */,
				736299641F643AB200B95AE9 /* Assets.xcassets in Resources */,
				736299621F643AB200B95AE9 /* Main.storyboard in Resources */,
			);
			runOnlyForDeploymentPostprocessing = 0;
		};
		7362996B1F643AB200B95AE9 /* Resources */ = {
			isa = PBXResourcesBuildPhase;
			buildActionMask = 2147483647;
			files = (
			);
			runOnlyForDeploymentPostprocessing = 0;
		};
		736299761F643AB200B95AE9 /* Resources */ = {
			isa = PBXResourcesBuildPhase;
			buildActionMask = 2147483647;
			files = (
			);
			runOnlyForDeploymentPostprocessing = 0;
		};
/* End PBXResourcesBuildPhase section */

/* Begin PBXShellScriptBuildPhase section */
		1E4E5C036D374B27C00BC3EA /* [CP] Embed Pods Frameworks */ = {
			isa = PBXShellScriptBuildPhase;
			buildActionMask = 2147483647;
			files = (
			);
			inputPaths = (
			);
			name = "[CP] Embed Pods Frameworks";
			outputPaths = (
			);
			runOnlyForDeploymentPostprocessing = 0;
			shellPath = /bin/sh;
			shellScript = "\"${SRCROOT}/Pods/Target Support Files/Pods-Ring BearTests/Pods-Ring BearTests-frameworks.sh\"\n";
			showEnvVarsInLog = 0;
		};
		2D800B5D4CD51E8AA1FA86B9 /* [CP] Copy Pods Resources */ = {
			isa = PBXShellScriptBuildPhase;
			buildActionMask = 2147483647;
			files = (
			);
			inputPaths = (
			);
			name = "[CP] Copy Pods Resources";
			outputPaths = (
			);
			runOnlyForDeploymentPostprocessing = 0;
			shellPath = /bin/sh;
			shellScript = "\"${SRCROOT}/Pods/Target Support Files/Pods-Ring BearTests/Pods-Ring BearTests-resources.sh\"\n";
			showEnvVarsInLog = 0;
		};
		3A97BBCEFDEF2CED87516556 /* [CP] Embed Pods Frameworks */ = {
			isa = PBXShellScriptBuildPhase;
			buildActionMask = 2147483647;
			files = (
			);
			inputPaths = (
			);
			name = "[CP] Embed Pods Frameworks";
			outputPaths = (
			);
			runOnlyForDeploymentPostprocessing = 0;
			shellPath = /bin/sh;
			shellScript = "\"${SRCROOT}/Pods/Target Support Files/Pods-Ring BearUITests/Pods-Ring BearUITests-frameworks.sh\"\n";
			showEnvVarsInLog = 0;
		};
		7CBBB4E231BA03414534016D /* [CP] Copy Pods Resources */ = {
			isa = PBXShellScriptBuildPhase;
			buildActionMask = 2147483647;
			files = (
			);
			inputPaths = (
			);
			name = "[CP] Copy Pods Resources";
			outputPaths = (
			);
			runOnlyForDeploymentPostprocessing = 0;
			shellPath = /bin/sh;
			shellScript = "\"${SRCROOT}/Pods/Target Support Files/Pods-Ring BearUITests/Pods-Ring BearUITests-resources.sh\"\n";
			showEnvVarsInLog = 0;
		};
		80273123641D96A86E2B4DE0 /* [CP] Check Pods Manifest.lock */ = {
			isa = PBXShellScriptBuildPhase;
			buildActionMask = 2147483647;
			files = (
			);
			inputPaths = (
				"${PODS_PODFILE_DIR_PATH}/Podfile.lock",
				"${PODS_ROOT}/Manifest.lock",
			);
			name = "[CP] Check Pods Manifest.lock";
			outputPaths = (
				"$(DERIVED_FILE_DIR)/Pods-Ring BearTests-checkManifestLockResult.txt",
			);
			runOnlyForDeploymentPostprocessing = 0;
			shellPath = /bin/sh;
			shellScript = "diff \"${PODS_PODFILE_DIR_PATH}/Podfile.lock\" \"${PODS_ROOT}/Manifest.lock\" > /dev/null\nif [ $? != 0 ] ; then\n    # print error to STDERR\n    echo \"error: The sandbox is not in sync with the Podfile.lock. Run 'pod install' or update your CocoaPods installation.\" >&2\n    exit 1\nfi\n# This output is used by Xcode 'outputs' to avoid re-running this script phase.\necho \"SUCCESS\" > \"${SCRIPT_OUTPUT_FILE_0}\"\n";
			showEnvVarsInLog = 0;
		};
		A62CD024B17C456723B9568E /* [CP] Copy Pods Resources */ = {
			isa = PBXShellScriptBuildPhase;
			buildActionMask = 2147483647;
			files = (
			);
			inputPaths = (
			);
			name = "[CP] Copy Pods Resources";
			outputPaths = (
			);
			runOnlyForDeploymentPostprocessing = 0;
			shellPath = /bin/sh;
			shellScript = "\"${SRCROOT}/Pods/Target Support Files/Pods-Ring Bear/Pods-Ring Bear-resources.sh\"\n";
			showEnvVarsInLog = 0;
		};
		BC18456B8C245EDCE9BDD121 /* [CP] Embed Pods Frameworks */ = {
			isa = PBXShellScriptBuildPhase;
			buildActionMask = 2147483647;
			files = (
			);
			inputPaths = (
				"${SRCROOT}/Pods/Target Support Files/Pods-Ring Bear/Pods-Ring Bear-frameworks.sh",
				"${BUILT_PRODUCTS_DIR}/Eureka/Eureka.framework",
				"${BUILT_PRODUCTS_DIR}/Realm/Realm.framework",
				"${BUILT_PRODUCTS_DIR}/RealmSwift/RealmSwift.framework",
			);
			name = "[CP] Embed Pods Frameworks";
			outputPaths = (
				"${TARGET_BUILD_DIR}/${FRAMEWORKS_FOLDER_PATH}/Eureka.framework",
				"${TARGET_BUILD_DIR}/${FRAMEWORKS_FOLDER_PATH}/Realm.framework",
				"${TARGET_BUILD_DIR}/${FRAMEWORKS_FOLDER_PATH}/RealmSwift.framework",
			);
			runOnlyForDeploymentPostprocessing = 0;
			shellPath = /bin/sh;
			shellScript = "\"${SRCROOT}/Pods/Target Support Files/Pods-Ring Bear/Pods-Ring Bear-frameworks.sh\"\n";
			showEnvVarsInLog = 0;
		};
		C1104F8EC626289E2F7FA02E /* [CP] Check Pods Manifest.lock */ = {
			isa = PBXShellScriptBuildPhase;
			buildActionMask = 2147483647;
			files = (
			);
			inputPaths = (
				"${PODS_PODFILE_DIR_PATH}/Podfile.lock",
				"${PODS_ROOT}/Manifest.lock",
			);
			name = "[CP] Check Pods Manifest.lock";
			outputPaths = (
				"$(DERIVED_FILE_DIR)/Pods-Ring Bear-checkManifestLockResult.txt",
			);
			runOnlyForDeploymentPostprocessing = 0;
			shellPath = /bin/sh;
			shellScript = "diff \"${PODS_PODFILE_DIR_PATH}/Podfile.lock\" \"${PODS_ROOT}/Manifest.lock\" > /dev/null\nif [ $? != 0 ] ; then\n    # print error to STDERR\n    echo \"error: The sandbox is not in sync with the Podfile.lock. Run 'pod install' or update your CocoaPods installation.\" >&2\n    exit 1\nfi\n# This output is used by Xcode 'outputs' to avoid re-running this script phase.\necho \"SUCCESS\" > \"${SCRIPT_OUTPUT_FILE_0}\"\n";
			showEnvVarsInLog = 0;
		};
		D42552A85FD9EC9D81342A63 /* [CP] Check Pods Manifest.lock */ = {
			isa = PBXShellScriptBuildPhase;
			buildActionMask = 2147483647;
			files = (
			);
			inputPaths = (
				"${PODS_PODFILE_DIR_PATH}/Podfile.lock",
				"${PODS_ROOT}/Manifest.lock",
			);
			name = "[CP] Check Pods Manifest.lock";
			outputPaths = (
				"$(DERIVED_FILE_DIR)/Pods-Ring BearUITests-checkManifestLockResult.txt",
			);
			runOnlyForDeploymentPostprocessing = 0;
			shellPath = /bin/sh;
			shellScript = "diff \"${PODS_PODFILE_DIR_PATH}/Podfile.lock\" \"${PODS_ROOT}/Manifest.lock\" > /dev/null\nif [ $? != 0 ] ; then\n    # print error to STDERR\n    echo \"error: The sandbox is not in sync with the Podfile.lock. Run 'pod install' or update your CocoaPods installation.\" >&2\n    exit 1\nfi\n# This output is used by Xcode 'outputs' to avoid re-running this script phase.\necho \"SUCCESS\" > \"${SCRIPT_OUTPUT_FILE_0}\"\n";
			showEnvVarsInLog = 0;
		};
/* End PBXShellScriptBuildPhase section */

/* Begin PBXSourcesBuildPhase section */
		736299531F643AB100B95AE9 /* Sources */ = {
			isa = PBXSourcesBuildPhase;
			buildActionMask = 2147483647;
			files = (
				734E97911F86BBF70017C630 /* Guest.swift in Sources */,
				7362995F1F643AB200B95AE9 /* GuestListViewController.swift in Sources */,
				7362995B1F643AB200B95AE9 /* AppDelegate.swift in Sources */,
				734E97991F87D4900017C630 /* Header.swift in Sources */,
				734E978F1F86B55B0017C630 /* AddEditGuestViewController.swift in Sources */,
				7362995D1F643AB200B95AE9 /* HomeViewController.swift in Sources */,
				734E97951F87C9290017C630 /* SettingsViewController.swift in Sources */,
			);
			runOnlyForDeploymentPostprocessing = 0;
		};
		736299691F643AB200B95AE9 /* Sources */ = {
			isa = PBXSourcesBuildPhase;
			buildActionMask = 2147483647;
			files = (
				736299721F643AB200B95AE9 /* Ring_BearTests.swift in Sources */,
			);
			runOnlyForDeploymentPostprocessing = 0;
		};
		736299741F643AB200B95AE9 /* Sources */ = {
			isa = PBXSourcesBuildPhase;
			buildActionMask = 2147483647;
			files = (
				7362997D1F643AB200B95AE9 /* Ring_BearUITests.swift in Sources */,
			);
			runOnlyForDeploymentPostprocessing = 0;
		};
/* End PBXSourcesBuildPhase section */

/* Begin PBXTargetDependency section */
		7362996F1F643AB200B95AE9 /* PBXTargetDependency */ = {
			isa = PBXTargetDependency;
			target = 736299561F643AB100B95AE9 /* Ring Bear */;
			targetProxy = 7362996E1F643AB200B95AE9 /* PBXContainerItemProxy */;
		};
		7362997A1F643AB200B95AE9 /* PBXTargetDependency */ = {
			isa = PBXTargetDependency;
			target = 736299561F643AB100B95AE9 /* Ring Bear */;
			targetProxy = 736299791F643AB200B95AE9 /* PBXContainerItemProxy */;
		};
/* End PBXTargetDependency section */

/* Begin PBXVariantGroup section */
		736299601F643AB200B95AE9 /* Main.storyboard */ = {
			isa = PBXVariantGroup;
			children = (
				736299611F643AB200B95AE9 /* Base */,
			);
			name = Main.storyboard;
			sourceTree = "<group>";
		};
		736299651F643AB200B95AE9 /* LaunchScreen.storyboard */ = {
			isa = PBXVariantGroup;
			children = (
				736299661F643AB200B95AE9 /* Base */,
			);
			name = LaunchScreen.storyboard;
			sourceTree = "<group>";
		};
/* End PBXVariantGroup section */

/* Begin XCBuildConfiguration section */
		7362997F1F643AB200B95AE9 /* Debug */ = {
			isa = XCBuildConfiguration;
			buildSettings = {
				ALWAYS_SEARCH_USER_PATHS = NO;
				CLANG_ANALYZER_NONNULL = YES;
				CLANG_ANALYZER_NUMBER_OBJECT_CONVERSION = YES_AGGRESSIVE;
				CLANG_CXX_LANGUAGE_STANDARD = "gnu++0x";
				CLANG_CXX_LIBRARY = "libc++";
				CLANG_ENABLE_MODULES = YES;
				CLANG_ENABLE_OBJC_ARC = YES;
				CLANG_WARN_BOOL_CONVERSION = YES;
				CLANG_WARN_CONSTANT_CONVERSION = YES;
				CLANG_WARN_DIRECT_OBJC_ISA_USAGE = YES_ERROR;
				CLANG_WARN_DOCUMENTATION_COMMENTS = YES;
				CLANG_WARN_EMPTY_BODY = YES;
				CLANG_WARN_ENUM_CONVERSION = YES;
				CLANG_WARN_INFINITE_RECURSION = YES;
				CLANG_WARN_INT_CONVERSION = YES;
				CLANG_WARN_OBJC_ROOT_CLASS = YES_ERROR;
				CLANG_WARN_SUSPICIOUS_MOVE = YES;
				CLANG_WARN_UNREACHABLE_CODE = YES;
				CLANG_WARN__DUPLICATE_METHOD_MATCH = YES;
				"CODE_SIGN_IDENTITY[sdk=iphoneos*]" = "iPhone Developer";
				COPY_PHASE_STRIP = NO;
				DEBUG_INFORMATION_FORMAT = dwarf;
				ENABLE_STRICT_OBJC_MSGSEND = YES;
				ENABLE_TESTABILITY = YES;
				GCC_C_LANGUAGE_STANDARD = gnu99;
				GCC_DYNAMIC_NO_PIC = NO;
				GCC_NO_COMMON_BLOCKS = YES;
				GCC_OPTIMIZATION_LEVEL = 0;
				GCC_PREPROCESSOR_DEFINITIONS = (
					"DEBUG=1",
					"$(inherited)",
				);
				GCC_WARN_64_TO_32_BIT_CONVERSION = YES;
				GCC_WARN_ABOUT_RETURN_TYPE = YES_ERROR;
				GCC_WARN_UNDECLARED_SELECTOR = YES;
				GCC_WARN_UNINITIALIZED_AUTOS = YES_AGGRESSIVE;
				GCC_WARN_UNUSED_FUNCTION = YES;
				GCC_WARN_UNUSED_VARIABLE = YES;
				IPHONEOS_DEPLOYMENT_TARGET = 10.3;
				MTL_ENABLE_DEBUG_INFO = YES;
				ONLY_ACTIVE_ARCH = YES;
				SDKROOT = iphoneos;
				SWIFT_ACTIVE_COMPILATION_CONDITIONS = DEBUG;
				SWIFT_OPTIMIZATION_LEVEL = "-Onone";
				TARGETED_DEVICE_FAMILY = "1,2";
			};
			name = Debug;
		};
		736299801F643AB200B95AE9 /* Release */ = {
			isa = XCBuildConfiguration;
			buildSettings = {
				ALWAYS_SEARCH_USER_PATHS = NO;
				CLANG_ANALYZER_NONNULL = YES;
				CLANG_ANALYZER_NUMBER_OBJECT_CONVERSION = YES_AGGRESSIVE;
				CLANG_CXX_LANGUAGE_STANDARD = "gnu++0x";
				CLANG_CXX_LIBRARY = "libc++";
				CLANG_ENABLE_MODULES = YES;
				CLANG_ENABLE_OBJC_ARC = YES;
				CLANG_WARN_BOOL_CONVERSION = YES;
				CLANG_WARN_CONSTANT_CONVERSION = YES;
				CLANG_WARN_DIRECT_OBJC_ISA_USAGE = YES_ERROR;
				CLANG_WARN_DOCUMENTATION_COMMENTS = YES;
				CLANG_WARN_EMPTY_BODY = YES;
				CLANG_WARN_ENUM_CONVERSION = YES;
				CLANG_WARN_INFINITE_RECURSION = YES;
				CLANG_WARN_INT_CONVERSION = YES;
				CLANG_WARN_OBJC_ROOT_CLASS = YES_ERROR;
				CLANG_WARN_SUSPICIOUS_MOVE = YES;
				CLANG_WARN_UNREACHABLE_CODE = YES;
				CLANG_WARN__DUPLICATE_METHOD_MATCH = YES;
				"CODE_SIGN_IDENTITY[sdk=iphoneos*]" = "iPhone Developer";
				COPY_PHASE_STRIP = NO;
				DEBUG_INFORMATION_FORMAT = "dwarf-with-dsym";
				ENABLE_NS_ASSERTIONS = NO;
				ENABLE_STRICT_OBJC_MSGSEND = YES;
				GCC_C_LANGUAGE_STANDARD = gnu99;
				GCC_NO_COMMON_BLOCKS = YES;
				GCC_WARN_64_TO_32_BIT_CONVERSION = YES;
				GCC_WARN_ABOUT_RETURN_TYPE = YES_ERROR;
				GCC_WARN_UNDECLARED_SELECTOR = YES;
				GCC_WARN_UNINITIALIZED_AUTOS = YES_AGGRESSIVE;
				GCC_WARN_UNUSED_FUNCTION = YES;
				GCC_WARN_UNUSED_VARIABLE = YES;
				IPHONEOS_DEPLOYMENT_TARGET = 10.3;
				MTL_ENABLE_DEBUG_INFO = NO;
				SDKROOT = iphoneos;
				SWIFT_OPTIMIZATION_LEVEL = "-Owholemodule";
				TARGETED_DEVICE_FAMILY = "1,2";
				VALIDATE_PRODUCT = YES;
			};
			name = Release;
		};
		736299821F643AB200B95AE9 /* Debug */ = {
			isa = XCBuildConfiguration;
			baseConfigurationReference = 5692EB5E4A5F5FB7BD261E4D /* Pods-Ring Bear.debug.xcconfig */;
			buildSettings = {
				ASSETCATALOG_COMPILER_APPICON_NAME = AppIcon;
				INFOPLIST_FILE = "Ring Bear/Info.plist";
				LD_RUNPATH_SEARCH_PATHS = "$(inherited) @executable_path/Frameworks";
				PRODUCT_BUNDLE_IDENTIFIER = "io.mazur.Ring-Bear";
				PRODUCT_NAME = "$(TARGET_NAME)";
				SWIFT_VERSION = 3.0;
			};
			name = Debug;
		};
		736299831F643AB200B95AE9 /* Release */ = {
			isa = XCBuildConfiguration;
			baseConfigurationReference = FFA0F0497FFA238A420AFB00 /* Pods-Ring Bear.release.xcconfig */;
			buildSettings = {
				ASSETCATALOG_COMPILER_APPICON_NAME = AppIcon;
				INFOPLIST_FILE = "Ring Bear/Info.plist";
				LD_RUNPATH_SEARCH_PATHS = "$(inherited) @executable_path/Frameworks";
				PRODUCT_BUNDLE_IDENTIFIER = "io.mazur.Ring-Bear";
				PRODUCT_NAME = "$(TARGET_NAME)";
				SWIFT_VERSION = 3.0;
			};
			name = Release;
		};
		736299851F643AB200B95AE9 /* Debug */ = {
			isa = XCBuildConfiguration;
			baseConfigurationReference = BD7184881F8AD8441FC8CCE3 /* Pods-Ring BearTests.debug.xcconfig */;
			buildSettings = {
				ALWAYS_EMBED_SWIFT_STANDARD_LIBRARIES = YES;
				BUNDLE_LOADER = "$(TEST_HOST)";
				INFOPLIST_FILE = "Ring BearTests/Info.plist";
				LD_RUNPATH_SEARCH_PATHS = "$(inherited) @executable_path/Frameworks @loader_path/Frameworks";
				PRODUCT_BUNDLE_IDENTIFIER = "io.mazur.Ring-BearTests";
				PRODUCT_NAME = "$(TARGET_NAME)";
				SWIFT_VERSION = 3.0;
				TEST_HOST = "$(BUILT_PRODUCTS_DIR)/Ring Bear.app/Ring Bear";
			};
			name = Debug;
		};
		736299861F643AB200B95AE9 /* Release */ = {
			isa = XCBuildConfiguration;
			baseConfigurationReference = DF738AE48374CBD638E78ACB /* Pods-Ring BearTests.release.xcconfig */;
			buildSettings = {
				ALWAYS_EMBED_SWIFT_STANDARD_LIBRARIES = YES;
				BUNDLE_LOADER = "$(TEST_HOST)";
				INFOPLIST_FILE = "Ring BearTests/Info.plist";
				LD_RUNPATH_SEARCH_PATHS = "$(inherited) @executable_path/Frameworks @loader_path/Frameworks";
				PRODUCT_BUNDLE_IDENTIFIER = "io.mazur.Ring-BearTests";
				PRODUCT_NAME = "$(TARGET_NAME)";
				SWIFT_VERSION = 3.0;
				TEST_HOST = "$(BUILT_PRODUCTS_DIR)/Ring Bear.app/Ring Bear";
			};
			name = Release;
		};
		736299881F643AB200B95AE9 /* Debug */ = {
			isa = XCBuildConfiguration;
			baseConfigurationReference = 32141126C1D1FE896579F167 /* Pods-Ring BearUITests.debug.xcconfig */;
			buildSettings = {
				ALWAYS_EMBED_SWIFT_STANDARD_LIBRARIES = YES;
				INFOPLIST_FILE = "Ring BearUITests/Info.plist";
				LD_RUNPATH_SEARCH_PATHS = "$(inherited) @executable_path/Frameworks @loader_path/Frameworks";
				PRODUCT_BUNDLE_IDENTIFIER = "io.mazur.Ring-BearUITests";
				PRODUCT_NAME = "$(TARGET_NAME)";
				SWIFT_VERSION = 3.0;
				TEST_TARGET_NAME = "Ring Bear";
			};
			name = Debug;
		};
		736299891F643AB200B95AE9 /* Release */ = {
			isa = XCBuildConfiguration;
			baseConfigurationReference = C5E31FEDFB0B7A3FE021105F /* Pods-Ring BearUITests.release.xcconfig */;
			buildSettings = {
				ALWAYS_EMBED_SWIFT_STANDARD_LIBRARIES = YES;
				INFOPLIST_FILE = "Ring BearUITests/Info.plist";
				LD_RUNPATH_SEARCH_PATHS = "$(inherited) @executable_path/Frameworks @loader_path/Frameworks";
				PRODUCT_BUNDLE_IDENTIFIER = "io.mazur.Ring-BearUITests";
				PRODUCT_NAME = "$(TARGET_NAME)";
				SWIFT_VERSION = 3.0;
				TEST_TARGET_NAME = "Ring Bear";
			};
			name = Release;
		};
/* End XCBuildConfiguration section */

/* Begin XCConfigurationList section */
		736299521F643AB100B95AE9 /* Build configuration list for PBXProject "Ring Bear" */ = {
			isa = XCConfigurationList;
			buildConfigurations = (
				7362997F1F643AB200B95AE9 /* Debug */,
				736299801F643AB200B95AE9 /* Release */,
			);
			defaultConfigurationIsVisible = 0;
			defaultConfigurationName = Release;
		};
		736299811F643AB200B95AE9 /* Build configuration list for PBXNativeTarget "Ring Bear" */ = {
			isa = XCConfigurationList;
			buildConfigurations = (
				736299821F643AB200B95AE9 /* Debug */,
				736299831F643AB200B95AE9 /* Release */,
			);
			defaultConfigurationIsVisible = 0;
			defaultConfigurationName = Release;
		};
		736299841F643AB200B95AE9 /* Build configuration list for PBXNativeTarget "Ring BearTests" */ = {
			isa = XCConfigurationList;
			buildConfigurations = (
				736299851F643AB200B95AE9 /* Debug */,
				736299861F643AB200B95AE9 /* Release */,
			);
			defaultConfigurationIsVisible = 0;
			defaultConfigurationName = Release;
		};
		736299871F643AB200B95AE9 /* Build configuration list for PBXNativeTarget "Ring BearUITests" */ = {
			isa = XCConfigurationList;
			buildConfigurations = (
				736299881F643AB200B95AE9 /* Debug */,
				736299891F643AB200B95AE9 /* Release */,
			);
			defaultConfigurationIsVisible = 0;
			defaultConfigurationName = Release;
		};
/* End XCConfigurationList section */
	};
	rootObject = 7362994F1F643AB100B95AE9 /* Project object */;
}
