// !$*UTF8*$!
{
	archiveVersion = 1;
	classes = {
	};
	objectVersion = 46;
	objects = {

/* Begin PBXBuildFile section */
		7362995B1F643AB200B95AE9 /* AppDelegate.swift in Sources */ = {isa = PBXBuildFile; fileRef = 7362995A1F643AB200B95AE9 /* AppDelegate.swift */; };
		7362995D1F643AB200B95AE9 /* FirstViewController.swift in Sources */ = {isa = PBXBuildFile; fileRef = 7362995C1F643AB200B95AE9 /* FirstViewController.swift */; };
		7362995F1F643AB200B95AE9 /* SecondViewController.swift in Sources */ = {isa = PBXBuildFile; fileRef = 7362995E1F643AB200B95AE9 /* SecondViewController.swift */; };
		736299621F643AB200B95AE9 /* Main.storyboard in Resources */ = {isa = PBXBuildFile; fileRef = 736299601F643AB200B95AE9 /* Main.storyboard */; };
		736299641F643AB200B95AE9 /* Assets.xcassets in Resources */ = {isa = PBXBuildFile; fileRef = 736299631F643AB200B95AE9 /* Assets.xcassets */; };
		736299671F643AB200B95AE9 /* LaunchScreen.storyboard in Resources */ = {isa = PBXBuildFile; fileRef = 736299651F643AB200B95AE9 /* LaunchScreen.storyboard */; };
		736299721F643AB200B95AE9 /* Ring_BearTests.swift in Sources */ = {isa = PBXBuildFile; fileRef = 736299711F643AB200B95AE9 /* Ring_BearTests.swift */; };
		7362997D1F643AB200B95AE9 /* Ring_BearUITests.swift in Sources */ = {isa = PBXBuildFile; fileRef = 7362997C1F643AB200B95AE9 /* Ring_BearUITests.swift */; };
/* End PBXBuildFile section */

/* Begin PBXContainerItemProxy section */
		7362996E1F643AB200B95AE9 /* PBXContainerItemProxy */ = {
			isa = PBXContainerItemProxy;
			containerPortal = 7362994F1F643AB100B95AE9 /* Project object */;
			proxyType = 1;
			remoteGlobalIDString = 736299561F643AB100B95AE9;
			remoteInfo = "Ring Bear";
		};
		736299791F643AB200B95AE9 /* PBXContainerItemProxy */ = {
			isa = PBXContainerItemProxy;
			containerPortal = 7362994F1F643AB100B95AE9 /* Project object */;
			proxyType = 1;
			remoteGlobalIDString = 736299561F643AB100B95AE9;
			remoteInfo = "Ring Bear";
		};
/* End PBXContainerItemProxy section */

/* Begin PBXFileReference section */
		736299571F643AB200B95AE9 /* Ring Bear.app */ = {isa = PBXFileReference; explicitFileType = wrapper.application; includeInIndex = 0; path = "Ring Bear.app"; sourceTree = BUILT_PRODUCTS_DIR; };
		7362995A1F643AB200B95AE9 /* AppDelegate.swift */ = {isa = PBXFileReference; lastKnownFileType = sourcecode.swift; path = AppDelegate.swift; sourceTree = "<group>"; };
		7362995C1F643AB200B95AE9 /* FirstViewController.swift */ = {isa = PBXFileReference; lastKnownFileType = sourcecode.swift; path = FirstViewController.swift; sourceTree = "<group>"; };
		7362995E1F643AB200B95AE9 /* SecondViewController.swift */ = {isa = PBXFileReference; lastKnownFileType = sourcecode.swift; path = SecondViewController.swift; sourceTree = "<group>"; };
		736299611F643AB200B95AE9 /* Base */ = {isa = PBXFileReference; lastKnownFileType = file.storyboard; name = Base; path = Base.lproj/Main.storyboard; sourceTree = "<group>"; };
		736299631F643AB200B95AE9 /* Assets.xcassets */ = {isa = PBXFileReference; lastKnownFileType = folder.assetcatalog; path = Assets.xcassets; sourceTree = "<group>"; };
		736299661F643AB200B95AE9 /* Base */ = {isa = PBXFileReference; lastKnownFileType = file.storyboard; name = Base; path = Base.lproj/LaunchScreen.storyboard; sourceTree = "<group>"; };
		736299681F643AB200B95AE9 /* Info.plist */ = {isa = PBXFileReference; lastKnownFileType = text.plist.xml; path = Info.plist; sourceTree = "<group>"; };
		7362996D1F643AB200B95AE9 /* Ring BearTests.xctest */ = {isa = PBXFileReference; explicitFileType = wrapper.cfbundle; includeInIndex = 0; path = "Ring BearTests.xctest"; sourceTree = BUILT_PRODUCTS_DIR; };
		736299711F643AB200B95AE9 /* Ring_BearTests.swift */ = {isa = PBXFileReference; lastKnownFileType = sourcecode.swift; path = Ring_BearTests.swift; sourceTree = "<group>"; };
		736299731F643AB200B95AE9 /* Info.plist */ = {isa = PBXFileReference; lastKnownFileType = text.plist.xml; path = Info.plist; sourceTree = "<group>"; };
		736299781F643AB200B95AE9 /* Ring BearUITests.xctest */ = {isa = PBXFileReference; explicitFileType = wrapper.cfbundle; includeInIndex = 0; path = "Ring BearUITests.xctest"; sourceTree = BUILT_PRODUCTS_DIR; };
		7362997C1F643AB200B95AE9 /* Ring_BearUITests.swift */ = {isa = PBXFileReference; lastKnownFileType = sourcecode.swift; path = Ring_BearUITests.swift; sourceTree = "<group>"; };
		7362997E1F643AB200B95AE9 /* Info.plist */ = {isa = PBXFileReference; lastKnownFileType = text.plist.xml; path = Info.plist; sourceTree = "<group>"; };
/* End PBXFileReference section */

/* Begin PBXFrameworksBuildPhase section */
		736299541F643AB100B95AE9 /* Frameworks */ = {
			isa = PBXFrameworksBuildPhase;
			buildActionMask = 2147483647;
			files = (
			);
			runOnlyForDeploymentPostprocessing = 0;
		};
		7362996A1F643AB200B95AE9 /* Frameworks */ = {
			isa = PBXFrameworksBuildPhase;
			buildActionMask = 2147483647;
			files = (
			);
			runOnlyForDeploymentPostprocessing = 0;
		};
		736299751F643AB200B95AE9 /* Frameworks */ = {
			isa = PBXFrameworksBuildPhase;
			buildActionMask = 2147483647;
			files = (
			);
			runOnlyForDeploymentPostprocessing = 0;
		};
/* End PBXFrameworksBuildPhase section */

/* Begin PBXGroup section */
		7362994E1F643AB100B95AE9 = {
			isa = PBXGroup;
			children = (
				736299591F643AB200B95AE9 /* Ring Bear */,
				736299701F643AB200B95AE9 /* Ring BearTests */,
				7362997B1F643AB200B95AE9 /* Ring BearUITests */,
				736299581F643AB200B95AE9 /* Products */,
			);
			sourceTree = "<group>";
		};
		736299581F643AB200B95AE9 /* Products */ = {
			isa = PBXGroup;
			children = (
				736299571F643AB200B95AE9 /* Ring Bear.app */,
				7362996D1F643AB200B95AE9 /* Ring BearTests.xctest */,
				736299781F643AB200B95AE9 /* Ring BearUITests.xctest */,
			);
			name = Products;
			sourceTree = "<group>";
		};
		736299591F643AB200B95AE9 /* Ring Bear */ = {
			isa = PBXGroup;
			children = (
				7362995A1F643AB200B95AE9 /* AppDelegate.swift */,
				7362995C1F643AB200B95AE9 /* FirstViewController.swift */,
				7362995E1F643AB200B95AE9 /* SecondViewController.swift */,
				736299601F643AB200B95AE9 /* Main.storyboard */,
				736299631F643AB200B95AE9 /* Assets.xcassets */,
				736299651F643AB200B95AE9 /* LaunchScreen.storyboard */,
				736299681F643AB200B95AE9 /* Info.plist */,
			);
			path = "Ring Bear";
			sourceTree = "<group>";
		};
		736299701F643AB200B95AE9 /* Ring BearTests */ = {
			isa = PBXGroup;
			children = (
				736299711F643AB200B95AE9 /* Ring_BearTests.swift */,
				736299731F643AB200B95AE9 /* Info.plist */,
			);
			path = "Ring BearTests";
			sourceTree = "<group>";
		};
		7362997B1F643AB200B95AE9 /* Ring BearUITests */ = {
			isa = PBXGroup;
			children = (
				7362997C1F643AB200B95AE9 /* Ring_BearUITests.swift */,
				7362997E1F643AB200B95AE9 /* Info.plist */,
			);
			path = "Ring BearUITests";
			sourceTree = "<group>";
		};
/* End PBXGroup section */

/* Begin PBXNativeTarget section */
		736299561F643AB100B95AE9 /* Ring Bear */ = {
			isa = PBXNativeTarget;
			buildConfigurationList = 736299811F643AB200B95AE9 /* Build configuration list for PBXNativeTarget "Ring Bear" */;
			buildPhases = (
				736299531F643AB100B95AE9 /* Sources */,
				736299541F643AB100B95AE9 /* Frameworks */,
				736299551F643AB100B95AE9 /* Resources */,
			);
			buildRules = (
			);
			dependencies = (
			);
			name = "Ring Bear";
			productName = "Ring Bear";
			productReference = 736299571F643AB200B95AE9 /* Ring Bear.app */;
			productType = "com.apple.product-type.application";
		};
		7362996C1F643AB200B95AE9 /* Ring BearTests */ = {
			isa = PBXNativeTarget;
			buildConfigurationList = 736299841F643AB200B95AE9 /* Build configuration list for PBXNativeTarget "Ring BearTests" */;
			buildPhases = (
				736299691F643AB200B95AE9 /* Sources */,
				7362996A1F643AB200B95AE9 /* Frameworks */,
				7362996B1F643AB200B95AE9 /* Resources */,
			);
			buildRules = (
			);
			dependencies = (
				7362996F1F643AB200B95AE9 /* PBXTargetDependency */,
			);
			name = "Ring BearTests";
			productName = "Ring BearTests";
			productReference = 7362996D1F643AB200B95AE9 /* Ring BearTests.xctest */;
			productType = "com.apple.product-type.bundle.unit-test";
		};
		736299771F643AB200B95AE9 /* Ring BearUITests */ = {
			isa = PBXNativeTarget;
			buildConfigurationList = 736299871F643AB200B95AE9 /* Build configuration list for PBXNativeTarget "Ring BearUITests" */;
			buildPhases = (
				736299741F643AB200B95AE9 /* Sources */,
				736299751F643AB200B95AE9 /* Frameworks */,
				736299761F643AB200B95AE9 /* Resources */,
			);
			buildRules = (
			);
			dependencies = (
				7362997A1F643AB200B95AE9 /* PBXTargetDependency */,
			);
			name = "Ring BearUITests";
			productName = "Ring BearUITests";
			productReference = 736299781F643AB200B95AE9 /* Ring BearUITests.xctest */;
			productType = "com.apple.product-type.bundle.ui-testing";
		};
/* End PBXNativeTarget section */

/* Begin PBXProject section */
		7362994F1F643AB100B95AE9 /* Project object */ = {
			isa = PBXProject;
			attributes = {
				LastSwiftUpdateCheck = 0830;
				LastUpgradeCheck = 0830;
				ORGANIZATIONNAME = "Damian Mazurkiewicz";
				TargetAttributes = {
					736299561F643AB100B95AE9 = {
						CreatedOnToolsVersion = 8.3.3;
						ProvisioningStyle = Automatic;
					};
					7362996C1F643AB200B95AE9 = {
						CreatedOnToolsVersion = 8.3.3;
						ProvisioningStyle = Automatic;
						TestTargetID = 736299561F643AB100B95AE9;
					};
					736299771F643AB200B95AE9 = {
						CreatedOnToolsVersion = 8.3.3;
						ProvisioningStyle = Automatic;
						TestTargetID = 736299561F643AB100B95AE9;
					};
				};
			};
			buildConfigurationList = 736299521F643AB100B95AE9 /* Build configuration list for PBXProject "Ring Bear" */;
			compatibilityVersion = "Xcode 3.2";
			developmentRegion = English;
			hasScannedForEncodings = 0;
			knownRegions = (
				en,
				Base,
			);
			mainGroup = 7362994E1F643AB100B95AE9;
			productRefGroup = 736299581F643AB200B95AE9 /* Products */;
			projectDirPath = "";
			projectRoot = "";
			targets = (
				736299561F643AB100B95AE9 /* Ring Bear */,
				7362996C1F643AB200B95AE9 /* Ring BearTests */,
				736299771F643AB200B95AE9 /* Ring BearUITests */,
			);
		};
/* End PBXProject section */

/* Begin PBXResourcesBuildPhase section */
		736299551F643AB100B95AE9 /* Resources */ = {
			isa = PBXResourcesBuildPhase;
			buildActionMask = 2147483647;
			files = (
				736299671F643AB200B95AE9 /* LaunchScreen.storyboard in Resources */,
				736299641F643AB200B95AE9 /* Assets.xcassets in Resources */,
				736299621F643AB200B95AE9 /* Main.storyboard in Resources */,
			);
			runOnlyForDeploymentPostprocessing = 0;
		};
		7362996B1F643AB200B95AE9 /* Resources */ = {
			isa = PBXResourcesBuildPhase;
			buildActionMask = 2147483647;
			files = (
			);
			runOnlyForDeploymentPostprocessing = 0;
		};
		736299761F643AB200B95AE9 /* Resources */ = {
			isa = PBXResourcesBuildPhase;
			buildActionMask = 2147483647;
			files = (
			);
			runOnlyForDeploymentPostprocessing = 0;
		};
/* End PBXResourcesBuildPhase section */

/* Begin PBXSourcesBuildPhase section */
		736299531F643AB100B95AE9 /* Sources */ = {
			isa = PBXSourcesBuildPhase;
			buildActionMask = 2147483647;
			files = (
				7362995F1F643AB200B95AE9 /* SecondViewController.swift in Sources */,
				7362995B1F643AB200B95AE9 /* AppDelegate.swift in Sources */,
				7362995D1F643AB200B95AE9 /* FirstViewController.swift in Sources */,
			);
			runOnlyForDeploymentPostprocessing = 0;
		};
		736299691F643AB200B95AE9 /* Sources */ = {
			isa = PBXSourcesBuildPhase;
			buildActionMask = 2147483647;
			files = (
				736299721F643AB200B95AE9 /* Ring_BearTests.swift in Sources */,
			);
			runOnlyForDeploymentPostprocessing = 0;
		};
		736299741F643AB200B95AE9 /* Sources */ = {
			isa = PBXSourcesBuildPhase;
			buildActionMask = 2147483647;
			files = (
				7362997D1F643AB200B95AE9 /* Ring_BearUITests.swift in Sources */,
			);
			runOnlyForDeploymentPostprocessing = 0;
		};
/* End PBXSourcesBuildPhase section */

/* Begin PBXTargetDependency section */
		7362996F1F643AB200B95AE9 /* PBXTargetDependency */ = {
			isa = PBXTargetDependency;
			target = 736299561F643AB100B95AE9 /* Ring Bear */;
			targetProxy = 7362996E1F643AB200B95AE9 /* PBXContainerItemProxy */;
		};
		7362997A1F643AB200B95AE9 /* PBXTargetDependency */ = {
			isa = PBXTargetDependency;
			target = 736299561F643AB100B95AE9 /* Ring Bear */;
			targetProxy = 736299791F643AB200B95AE9 /* PBXContainerItemProxy */;
		};
/* End PBXTargetDependency section */

/* Begin PBXVariantGroup section */
		736299601F643AB200B95AE9 /* Main.storyboard */ = {
			isa = PBXVariantGroup;
			children = (
				736299611F643AB200B95AE9 /* Base */,
			);
			name = Main.storyboard;
			sourceTree = "<group>";
		};
		736299651F643AB200B95AE9 /* LaunchScreen.storyboard */ = {
			isa = PBXVariantGroup;
			children = (
				736299661F643AB200B95AE9 /* Base */,
			);
			name = LaunchScreen.storyboard;
			sourceTree = "<group>";
		};
/* End PBXVariantGroup section */

/* Begin XCBuildConfiguration section */
		7362997F1F643AB200B95AE9 /* Debug */ = {
			isa = XCBuildConfiguration;
			buildSettings = {
				ALWAYS_SEARCH_USER_PATHS = NO;
				CLANG_ANALYZER_NONNULL = YES;
				CLANG_ANALYZER_NUMBER_OBJECT_CONVERSION = YES_AGGRESSIVE;
				CLANG_CXX_LANGUAGE_STANDARD = "gnu++0x";
				CLANG_CXX_LIBRARY = "libc++";
				CLANG_ENABLE_MODULES = YES;
				CLANG_ENABLE_OBJC_ARC = YES;
				CLANG_WARN_BOOL_CONVERSION = YES;
				CLANG_WARN_CONSTANT_CONVERSION = YES;
				CLANG_WARN_DIRECT_OBJC_ISA_USAGE = YES_ERROR;
				CLANG_WARN_DOCUMENTATION_COMMENTS = YES;
				CLANG_WARN_EMPTY_BODY = YES;
				CLANG_WARN_ENUM_CONVERSION = YES;
				CLANG_WARN_INFINITE_RECURSION = YES;
				CLANG_WARN_INT_CONVERSION = YES;
				CLANG_WARN_OBJC_ROOT_CLASS = YES_ERROR;
				CLANG_WARN_SUSPICIOUS_MOVE = YES;
				CLANG_WARN_UNREACHABLE_CODE = YES;
				CLANG_WARN__DUPLICATE_METHOD_MATCH = YES;
				"CODE_SIGN_IDENTITY[sdk=iphoneos*]" = "iPhone Developer";
				COPY_PHASE_STRIP = NO;
				DEBUG_INFORMATION_FORMAT = dwarf;
				ENABLE_STRICT_OBJC_MSGSEND = YES;
				ENABLE_TESTABILITY = YES;
				GCC_C_LANGUAGE_STANDARD = gnu99;
				GCC_DYNAMIC_NO_PIC = NO;
				GCC_NO_COMMON_BLOCKS = YES;
				GCC_OPTIMIZATION_LEVEL = 0;
				GCC_PREPROCESSOR_DEFINITIONS = (
					"DEBUG=1",
					"$(inherited)",
				);
				GCC_WARN_64_TO_32_BIT_CONVERSION = YES;
				GCC_WARN_ABOUT_RETURN_TYPE = YES_ERROR;
				GCC_WARN_UNDECLARED_SELECTOR = YES;
				GCC_WARN_UNINITIALIZED_AUTOS = YES_AGGRESSIVE;
				GCC_WARN_UNUSED_FUNCTION = YES;
				GCC_WARN_UNUSED_VARIABLE = YES;
				IPHONEOS_DEPLOYMENT_TARGET = 10.3;
				MTL_ENABLE_DEBUG_INFO = YES;
				ONLY_ACTIVE_ARCH = YES;
				SDKROOT = iphoneos;
				SWIFT_ACTIVE_COMPILATION_CONDITIONS = DEBUG;
				SWIFT_OPTIMIZATION_LEVEL = "-Onone";
				TARGETED_DEVICE_FAMILY = "1,2";
			};
			name = Debug;
		};
		736299801F643AB200B95AE9 /* Release */ = {
			isa = XCBuildConfiguration;
			buildSettings = {
				ALWAYS_SEARCH_USER_PATHS = NO;
				CLANG_ANALYZER_NONNULL = YES;
				CLANG_ANALYZER_NUMBER_OBJECT_CONVERSION = YES_AGGRESSIVE;
				CLANG_CXX_LANGUAGE_STANDARD = "gnu++0x";
				CLANG_CXX_LIBRARY = "libc++";
				CLANG_ENABLE_MODULES = YES;
				CLANG_ENABLE_OBJC_ARC = YES;
				CLANG_WARN_BOOL_CONVERSION = YES;
				CLANG_WARN_CONSTANT_CONVERSION = YES;
				CLANG_WARN_DIRECT_OBJC_ISA_USAGE = YES_ERROR;
				CLANG_WARN_DOCUMENTATION_COMMENTS = YES;
				CLANG_WARN_EMPTY_BODY = YES;
				CLANG_WARN_ENUM_CONVERSION = YES;
				CLANG_WARN_INFINITE_RECURSION = YES;
				CLANG_WARN_INT_CONVERSION = YES;
				CLANG_WARN_OBJC_ROOT_CLASS = YES_ERROR;
				CLANG_WARN_SUSPICIOUS_MOVE = YES;
				CLANG_WARN_UNREACHABLE_CODE = YES;
				CLANG_WARN__DUPLICATE_METHOD_MATCH = YES;
				"CODE_SIGN_IDENTITY[sdk=iphoneos*]" = "iPhone Developer";
				COPY_PHASE_STRIP = NO;
				DEBUG_INFORMATION_FORMAT = "dwarf-with-dsym";
				ENABLE_NS_ASSERTIONS = NO;
				ENABLE_STRICT_OBJC_MSGSEND = YES;
				GCC_C_LANGUAGE_STANDARD = gnu99;
				GCC_NO_COMMON_BLOCKS = YES;
				GCC_WARN_64_TO_32_BIT_CONVERSION = YES;
				GCC_WARN_ABOUT_RETURN_TYPE = YES_ERROR;
				GCC_WARN_UNDECLARED_SELECTOR = YES;
				GCC_WARN_UNINITIALIZED_AUTOS = YES_AGGRESSIVE;
				GCC_WARN_UNUSED_FUNCTION = YES;
				GCC_WARN_UNUSED_VARIABLE = YES;
				IPHONEOS_DEPLOYMENT_TARGET = 10.3;
				MTL_ENABLE_DEBUG_INFO = NO;
				SDKROOT = iphoneos;
				SWIFT_OPTIMIZATION_LEVEL = "-Owholemodule";
				TARGETED_DEVICE_FAMILY = "1,2";
				VALIDATE_PRODUCT = YES;
			};
			name = Release;
		};
		736299821F643AB200B95AE9 /* Debug */ = {
			isa = XCBuildConfiguration;
			buildSettings = {
				ASSETCATALOG_COMPILER_APPICON_NAME = AppIcon;
				INFOPLIST_FILE = "Ring Bear/Info.plist";
				LD_RUNPATH_SEARCH_PATHS = "$(inherited) @executable_path/Frameworks";
				PRODUCT_BUNDLE_IDENTIFIER = "io.mazur.Ring-Bear";
				PRODUCT_NAME = "$(TARGET_NAME)";
				SWIFT_VERSION = 3.0;
			};
			name = Debug;
		};
		736299831F643AB200B95AE9 /* Release */ = {
			isa = XCBuildConfiguration;
			buildSettings = {
				ASSETCATALOG_COMPILER_APPICON_NAME = AppIcon;
				INFOPLIST_FILE = "Ring Bear/Info.plist";
				LD_RUNPATH_SEARCH_PATHS = "$(inherited) @executable_path/Frameworks";
				PRODUCT_BUNDLE_IDENTIFIER = "io.mazur.Ring-Bear";
				PRODUCT_NAME = "$(TARGET_NAME)";
				SWIFT_VERSION = 3.0;
			};
			name = Release;
		};
		736299851F643AB200B95AE9 /* Debug */ = {
			isa = XCBuildConfiguration;
			buildSettings = {
				ALWAYS_EMBED_SWIFT_STANDARD_LIBRARIES = YES;
				BUNDLE_LOADER = "$(TEST_HOST)";
				INFOPLIST_FILE = "Ring BearTests/Info.plist";
				LD_RUNPATH_SEARCH_PATHS = "$(inherited) @executable_path/Frameworks @loader_path/Frameworks";
				PRODUCT_BUNDLE_IDENTIFIER = "io.mazur.Ring-BearTests";
				PRODUCT_NAME = "$(TARGET_NAME)";
				SWIFT_VERSION = 3.0;
				TEST_HOST = "$(BUILT_PRODUCTS_DIR)/Ring Bear.app/Ring Bear";
			};
			name = Debug;
		};
		736299861F643AB200B95AE9 /* Release */ = {
			isa = XCBuildConfiguration;
			buildSettings = {
				ALWAYS_EMBED_SWIFT_STANDARD_LIBRARIES = YES;
				BUNDLE_LOADER = "$(TEST_HOST)";
				INFOPLIST_FILE = "Ring BearTests/Info.plist";
				LD_RUNPATH_SEARCH_PATHS = "$(inherited) @executable_path/Frameworks @loader_path/Frameworks";
				PRODUCT_BUNDLE_IDENTIFIER = "io.mazur.Ring-BearTests";
				PRODUCT_NAME = "$(TARGET_NAME)";
				SWIFT_VERSION = 3.0;
				TEST_HOST = "$(BUILT_PRODUCTS_DIR)/Ring Bear.app/Ring Bear";
			};
			name = Release;
		};
		736299881F643AB200B95AE9 /* Debug */ = {
			isa = XCBuildConfiguration;
			buildSettings = {
				ALWAYS_EMBED_SWIFT_STANDARD_LIBRARIES = YES;
				INFOPLIST_FILE = "Ring BearUITests/Info.plist";
				LD_RUNPATH_SEARCH_PATHS = "$(inherited) @executable_path/Frameworks @loader_path/Frameworks";
				PRODUCT_BUNDLE_IDENTIFIER = "io.mazur.Ring-BearUITests";
				PRODUCT_NAME = "$(TARGET_NAME)";
				SWIFT_VERSION = 3.0;
				TEST_TARGET_NAME = "Ring Bear";
			};
			name = Debug;
		};
		736299891F643AB200B95AE9 /* Release */ = {
			isa = XCBuildConfiguration;
			buildSettings = {
				ALWAYS_EMBED_SWIFT_STANDARD_LIBRARIES = YES;
				INFOPLIST_FILE = "Ring BearUITests/Info.plist";
				LD_RUNPATH_SEARCH_PATHS = "$(inherited) @executable_path/Frameworks @loader_path/Frameworks";
				PRODUCT_BUNDLE_IDENTIFIER = "io.mazur.Ring-BearUITests";
				PRODUCT_NAME = "$(TARGET_NAME)";
				SWIFT_VERSION = 3.0;
				TEST_TARGET_NAME = "Ring Bear";
			};
			name = Release;
		};
/* End XCBuildConfiguration section */

/* Begin XCConfigurationList section */
		736299521F643AB100B95AE9 /* Build configuration list for PBXProject "Ring Bear" */ = {
			isa = XCConfigurationList;
			buildConfigurations = (
				7362997F1F643AB200B95AE9 /* Debug */,
				736299801F643AB200B95AE9 /* Release */,
			);
			defaultConfigurationIsVisible = 0;
			defaultConfigurationName = Release;
		};
		736299811F643AB200B95AE9 /* Build configuration list for PBXNativeTarget "Ring Bear" */ = {
			isa = XCConfigurationList;
			buildConfigurations = (
				736299821F643AB200B95AE9 /* Debug */,
				736299831F643AB200B95AE9 /* Release */,
			);
			defaultConfigurationIsVisible = 0;
		};
		736299841F643AB200B95AE9 /* Build configuration list for PBXNativeTarget "Ring BearTests" */ = {
			isa = XCConfigurationList;
			buildConfigurations = (
				736299851F643AB200B95AE9 /* Debug */,
				736299861F643AB200B95AE9 /* Release */,
			);
			defaultConfigurationIsVisible = 0;
		};
		736299871F643AB200B95AE9 /* Build configuration list for PBXNativeTarget "Ring BearUITests" */ = {
			isa = XCConfigurationList;
			buildConfigurations = (
				736299881F643AB200B95AE9 /* Debug */,
				736299891F643AB200B95AE9 /* Release */,
			);
			defaultConfigurationIsVisible = 0;
		};
/* End XCConfigurationList section */
	};
	rootObject = 7362994F1F643AB100B95AE9 /* Project object */;
}
